
Microsoft Visual Studio Solution File, Format Version 12.00
# Visual Studio Version 16
VisualStudioVersion = 16.0.34031.81
MinimumVisualStudioVersion = 10.0.40219.1
Project("{2150E333-8FDC-42A3-9474-1A3956D46DE8}") = "Task0", "Task0", "{18904F2B-5B26-483C-BA68-286E295888F4}"
EndProject
Project("{FAE04EC0-301F-11D3-BF4B-00C04F79EFBC}") = "Tyuiu.MedvedevKA.Sprint4.Task0.V29", "Tyuiu.MedvedevKA.Sprint4.Task0.V29\Tyuiu.MedvedevKA.Sprint4.Task0.V29.csproj", "{2D1D38F6-093C-4C9B-9ECA-96F2B9EC54DD}"
EndProject
Project("{FAE04EC0-301F-11D3-BF4B-00C04F79EFBC}") = "Tyuiu.MedvedevKA.Sprint4.Task0.V29.Lib", "Tyuiu.MedvedevKA.Sprint4.Task0.V29.Lib\Tyuiu.MedvedevKA.Sprint4.Task0.V29.Lib.csproj", "{6C514612-F3E4-46B9-90CC-41A4E7D404CB}"
EndProject
Project("{FAE04EC0-301F-11D3-BF4B-00C04F79EFBC}") = "Tyuiu.MedvedevKA.Sprint4.Task0.V29.Test", "Tyuiu.MedvedevKA.Sprint4.Task0.V29.Test\Tyuiu.MedvedevKA.Sprint4.Task0.V29.Test.csproj", "{6EEB1BA5-AFA2-4F23-9CBA-B962C39AF6F7}"
EndProject
Project("{2150E333-8FDC-42A3-9474-1A3956D46DE8}") = "Task1", "Task1", "{8B8914AB-AF9C-431F-8B62-05AA4382109B}"
EndProject
Project("{FAE04EC0-301F-11D3-BF4B-00C04F79EFBC}") = "Tyuiu.MedvedevKA.Sprint4.Task1.V16", "Tyuiu.MedvedevKA.Sprint4.Task1.V16\Tyuiu.MedvedevKA.Sprint4.Task1.V16.csproj", "{5B11FC9B-4D24-416E-94DB-7322829CBA87}"
EndProject
Project("{FAE04EC0-301F-11D3-BF4B-00C04F79EFBC}") = "Tyuiu.MedvedevKA.Sprint4.Task1.V16.Lib", "Tyuiu.MedvedevKA.Sprint4.Task1.V16.Lib\Tyuiu.MedvedevKA.Sprint4.Task1.V16.Lib.csproj", "{7703E3B6-3E08-4EE1-A1E0-FB0496A31954}"
EndProject
Project("{FAE04EC0-301F-11D3-BF4B-00C04F79EFBC}") = "Tyuiu.MedvedevKA.Sprint4.Task1.V16.Test", "Tyuiu.MedvedevKA.Sprint4.Task1.V16.Test\Tyuiu.MedvedevKA.Sprint4.Task1.V16.Test.csproj", "{3BDA53C4-F706-409A-A423-9CA4FBAD29BF}"
EndProject
Project("{2150E333-8FDC-42A3-9474-1A3956D46DE8}") = "Task2", "Task2", "{1B7F00FF-2CCD-4501-8745-D825AB715808}"
EndProject
Project("{FAE04EC0-301F-11D3-BF4B-00C04F79EFBC}") = "Tyuiu.MedvedevKA.Sprint4.Task2.V20", "Tyuiu.MedvedevKA.Sprint4.Task2.V20\Tyuiu.MedvedevKA.Sprint4.Task2.V20.csproj", "{E4A52F65-44DD-4765-BE20-D331F531DF50}"
EndProject
Project("{FAE04EC0-301F-11D3-BF4B-00C04F79EFBC}") = "Tyuiu.MedvedevKA.Sprint4.Task2.V20.Lib", "Tyuiu.MedvedevKA.Sprint4.Task2.V20.Lib\Tyuiu.MedvedevKA.Sprint4.Task2.V20.Lib.csproj", "{E0DA7B69-EF9A-432A-96F1-0E6DD8378A47}"
EndProject
Project("{FAE04EC0-301F-11D3-BF4B-00C04F79EFBC}") = "Tyuiu.MedvedevKA.Sprint4.Task2.V20.Test", "Tyuiu.MedvedevKA.Sprint4.Task2.V20.Test\Tyuiu.MedvedevKA.Sprint4.Task2.V20.Test.csproj", "{599EBF9A-BBD2-4D4A-A872-8914D27EC0CF}"
EndProject
Project("{2150E333-8FDC-42A3-9474-1A3956D46DE8}") = "Task3", "Task3", "{77B35069-7A73-414A-81D9-A215B8E79E52}"
EndProject
Project("{FAE04EC0-301F-11D3-BF4B-00C04F79EFBC}") = "Tyuiu.MedvedevKA.Sprint4.Task3.V14", "Tyuiu.MedvedevKA.Sprint4.Task3.V14\Tyuiu.MedvedevKA.Sprint4.Task3.V14.csproj", "{604937D8-5E18-476A-96E0-A6376CE25075}"
EndProject
Project("{FAE04EC0-301F-11D3-BF4B-00C04F79EFBC}") = "Tyuiu.MedvedevKA.Sprint4.Task3.V14.Lib", "Tyuiu.MedvedevKA.Sprint4.Task3.V14.Lib\Tyuiu.MedvedevKA.Sprint4.Task3.V14.Lib.csproj", "{F96E5FCA-4B7F-4608-8E59-D4C6055D46E1}"
EndProject
Project("{FAE04EC0-301F-11D3-BF4B-00C04F79EFBC}") = "Tyuiu.MedvedevKA.Sprint4.Task3.V14.Test", "Tyuiu.MedvedevKA.Sprint4.Task3.V14.Test\Tyuiu.MedvedevKA.Sprint4.Task3.V14.Test.csproj", "{2EFEBA7E-77B3-41EF-A894-B8C350D81616}"
EndProject
Project("{2150E333-8FDC-42A3-9474-1A3956D46DE8}") = "Task4", "Task4", "{711120C9-1B6B-469D-8D03-491AAD4B8D84}"
EndProject
Project("{FAE04EC0-301F-11D3-BF4B-00C04F79EFBC}") = "Tyuiu.MedvedevKA.Sprint4.Task4.V10", "Tyuiu.MedvedevKA.Sprint4.Task4.V10\Tyuiu.MedvedevKA.Sprint4.Task4.V10.csproj", "{D293B72B-9B49-4BCE-9186-AB49758165C2}"
EndProject
Project("{FAE04EC0-301F-11D3-BF4B-00C04F79EFBC}") = "Tyuiu.MedvedevKA.Sprint4.Task4.V10.Lib", "Tyuiu.MedvedevKA.Sprint4.Task4.V10.Lib\Tyuiu.MedvedevKA.Sprint4.Task4.V10.Lib.csproj", "{3C1F2FAB-2376-45B7-9B0C-C95EE7F2C57E}"
EndProject
Project("{FAE04EC0-301F-11D3-BF4B-00C04F79EFBC}") = "Tyuiu.MedvedevKA.Sprint4.Task4.V10.Test", "Tyuiu.MedvedevKA.Sprint4.Task4.V10.Test\Tyuiu.MedvedevKA.Sprint4.Task4.V10.Test.csproj", "{56B86192-D172-4C70-B00A-CB98FD70F8B8}"
EndProject
Project("{2150E333-8FDC-42A3-9474-1A3956D46DE8}") = "Task5", "Task5", "{89788B92-71DA-488C-B9A4-D4ACA41DD3B6}"
EndProject
Project("{FAE04EC0-301F-11D3-BF4B-00C04F79EFBC}") = "Tyuiu.MedvedevKA.Sprint4.Task5.V4", "Tyuiu.MedvedevKA.Sprint4.Task5.V4\Tyuiu.MedvedevKA.Sprint4.Task5.V4.csproj", "{406D6CE2-34A5-4517-8C2D-E6F82741C009}"
EndProject
Project("{FAE04EC0-301F-11D3-BF4B-00C04F79EFBC}") = "Tyuiu.MedvedevKA.Sprint4.Task5.V4.Lib", "Tyuiu.MedvedevKA.Sprint4.Task5.V4.Lib\Tyuiu.MedvedevKA.Sprint4.Task5.V4.Lib.csproj", "{8EFC904D-73A0-4783-88A9-68D5FAFC8378}"
EndProject
Project("{FAE04EC0-301F-11D3-BF4B-00C04F79EFBC}") = "Tyuiu.MedvedevKA.Sprint4.Task5.V4.Test", "Tyuiu.MedvedevKA.Sprint4.Task5.V4.Test\Tyuiu.MedvedevKA.Sprint4.Task5.V4.Test.csproj", "{2DA693E9-08E0-46A7-8DC8-547DE692FC38}"
EndProject
Project("{2150E333-8FDC-42A3-9474-1A3956D46DE8}") = "Task6", "Task6", "{8E9858F8-CA16-4429-AE35-7CC4445B6611}"
EndProject
Project("{FAE04EC0-301F-11D3-BF4B-00C04F79EFBC}") = "Tyuiu.MedvedevKA.Sprint4.Task6.V29", "Tyuiu.MedvedevKA.Sprint4.Task6.V29\Tyuiu.MedvedevKA.Sprint4.Task6.V29.csproj", "{3B5BECC7-ED39-4D0A-8E0E-5509261F1B20}"
EndProject
Project("{FAE04EC0-301F-11D3-BF4B-00C04F79EFBC}") = "Tyuiu.MedvedevKA.Sprint4.Task6.V29.Lib", "Tyuiu.MedvedevKA.Sprint4.Task6.V29.Lib\Tyuiu.MedvedevKA.Sprint4.Task6.V29.Lib.csproj", "{E53A3DE6-0501-404A-9FA7-1ACC9B12CD3F}"
EndProject
Project("{FAE04EC0-301F-11D3-BF4B-00C04F79EFBC}") = "Tyuiu.MedvedevKA.Sprint4.Task6.V29.Test", "Tyuiu.MedvedevKA.Sprint4.Task6.V29.Test\Tyuiu.MedvedevKA.Sprint4.Task6.V29.Test.csproj", "{081FFF30-98ED-43B3-8953-A169157B36AD}"
EndProject
Project("{2150E333-8FDC-42A3-9474-1A3956D46DE8}") = "Task7", "Task7", "{A52FF9F3-91C8-4D82-A370-B8A97134906C}"
EndProject
Project("{FAE04EC0-301F-11D3-BF4B-00C04F79EFBC}") = "Tyuiu.MedvedevKA.Sprint4.Task7.V17", "Tyuiu.MedvedevKA.Sprint4.Task7.V17\Tyuiu.MedvedevKA.Sprint4.Task7.V17.csproj", "{6864D0D4-2779-443F-A096-AB4BB16ECF6B}"
EndProject
Project("{FAE04EC0-301F-11D3-BF4B-00C04F79EFBC}") = "Tyuiu.MedvedevKA.Sprint4.Task7.V17.Lib", "Tyuiu.MedvedevKA.Sprint4.Task7.V17.Lib\Tyuiu.MedvedevKA.Sprint4.Task7.V17.Lib.csproj", "{8643F87C-9C96-472D-82AF-07C8106EB171}"
EndProject
Project("{FAE04EC0-301F-11D3-BF4B-00C04F79EFBC}") = "Tyuiu.MedvedevKA.Sprint4.Task7.V17.Test", "Tyuiu.MedvedevKA.Sprint4.Task7.V17.Test\Tyuiu.MedvedevKA.Sprint4.Task7.V17.Test.csproj", "{ACB70DE2-29C5-4917-B677-10DB0AE22E72}"
EndProject
Global
	GlobalSection(SolutionConfigurationPlatforms) = preSolution
		Debug|Any CPU = Debug|Any CPU
		Release|Any CPU = Release|Any CPU
	EndGlobalSection
	GlobalSection(ProjectConfigurationPlatforms) = postSolution
		{2D1D38F6-093C-4C9B-9ECA-96F2B9EC54DD}.Debug|Any CPU.ActiveCfg = Debug|Any CPU
		{2D1D38F6-093C-4C9B-9ECA-96F2B9EC54DD}.Debug|Any CPU.Build.0 = Debug|Any CPU
		{2D1D38F6-093C-4C9B-9ECA-96F2B9EC54DD}.Release|Any CPU.ActiveCfg = Release|Any CPU
		{2D1D38F6-093C-4C9B-9ECA-96F2B9EC54DD}.Release|Any CPU.Build.0 = Release|Any CPU
		{6C514612-F3E4-46B9-90CC-41A4E7D404CB}.Debug|Any CPU.ActiveCfg = Debug|Any CPU
		{6C514612-F3E4-46B9-90CC-41A4E7D404CB}.Debug|Any CPU.Build.0 = Debug|Any CPU
		{6C514612-F3E4-46B9-90CC-41A4E7D404CB}.Release|Any CPU.ActiveCfg = Release|Any CPU
		{6C514612-F3E4-46B9-90CC-41A4E7D404CB}.Release|Any CPU.Build.0 = Release|Any CPU
		{6EEB1BA5-AFA2-4F23-9CBA-B962C39AF6F7}.Debug|Any CPU.ActiveCfg = Debug|Any CPU
		{6EEB1BA5-AFA2-4F23-9CBA-B962C39AF6F7}.Debug|Any CPU.Build.0 = Debug|Any CPU
		{6EEB1BA5-AFA2-4F23-9CBA-B962C39AF6F7}.Release|Any CPU.ActiveCfg = Release|Any CPU
		{6EEB1BA5-AFA2-4F23-9CBA-B962C39AF6F7}.Release|Any CPU.Build.0 = Release|Any CPU
		{5B11FC9B-4D24-416E-94DB-7322829CBA87}.Debug|Any CPU.ActiveCfg = Debug|Any CPU
		{5B11FC9B-4D24-416E-94DB-7322829CBA87}.Debug|Any CPU.Build.0 = Debug|Any CPU
		{5B11FC9B-4D24-416E-94DB-7322829CBA87}.Release|Any CPU.ActiveCfg = Release|Any CPU
		{5B11FC9B-4D24-416E-94DB-7322829CBA87}.Release|Any CPU.Build.0 = Release|Any CPU
		{7703E3B6-3E08-4EE1-A1E0-FB0496A31954}.Debug|Any CPU.ActiveCfg = Debug|Any CPU
		{7703E3B6-3E08-4EE1-A1E0-FB0496A31954}.Debug|Any CPU.Build.0 = Debug|Any CPU
		{7703E3B6-3E08-4EE1-A1E0-FB0496A31954}.Release|Any CPU.ActiveCfg = Release|Any CPU
		{7703E3B6-3E08-4EE1-A1E0-FB0496A31954}.Release|Any CPU.Build.0 = Release|Any CPU
		{3BDA53C4-F706-409A-A423-9CA4FBAD29BF}.Debug|Any CPU.ActiveCfg = Debug|Any CPU
		{3BDA53C4-F706-409A-A423-9CA4FBAD29BF}.Debug|Any CPU.Build.0 = Debug|Any CPU
		{3BDA53C4-F706-409A-A423-9CA4FBAD29BF}.Release|Any CPU.ActiveCfg = Release|Any CPU
		{3BDA53C4-F706-409A-A423-9CA4FBAD29BF}.Release|Any CPU.Build.0 = Release|Any CPU
		{E4A52F65-44DD-4765-BE20-D331F531DF50}.Debug|Any CPU.ActiveCfg = Debug|Any CPU
		{E4A52F65-44DD-4765-BE20-D331F531DF50}.Debug|Any CPU.Build.0 = Debug|Any CPU
		{E4A52F65-44DD-4765-BE20-D331F531DF50}.Release|Any CPU.ActiveCfg = Release|Any CPU
		{E4A52F65-44DD-4765-BE20-D331F531DF50}.Release|Any CPU.Build.0 = Release|Any CPU
		{E0DA7B69-EF9A-432A-96F1-0E6DD8378A47}.Debug|Any CPU.ActiveCfg = Debug|Any CPU
		{E0DA7B69-EF9A-432A-96F1-0E6DD8378A47}.Debug|Any CPU.Build.0 = Debug|Any CPU
		{E0DA7B69-EF9A-432A-96F1-0E6DD8378A47}.Release|Any CPU.ActiveCfg = Release|Any CPU
		{E0DA7B69-EF9A-432A-96F1-0E6DD8378A47}.Release|Any CPU.Build.0 = Release|Any CPU
		{599EBF9A-BBD2-4D4A-A872-8914D27EC0CF}.Debug|Any CPU.ActiveCfg = Debug|Any CPU
		{599EBF9A-BBD2-4D4A-A872-8914D27EC0CF}.Debug|Any CPU.Build.0 = Debug|Any CPU
		{599EBF9A-BBD2-4D4A-A872-8914D27EC0CF}.Release|Any CPU.ActiveCfg = Release|Any CPU
		{599EBF9A-BBD2-4D4A-A872-8914D27EC0CF}.Release|Any CPU.Build.0 = Release|Any CPU
		{604937D8-5E18-476A-96E0-A6376CE25075}.Debug|Any CPU.ActiveCfg = Debug|Any CPU
		{604937D8-5E18-476A-96E0-A6376CE25075}.Debug|Any CPU.Build.0 = Debug|Any CPU
		{604937D8-5E18-476A-96E0-A6376CE25075}.Release|Any CPU.ActiveCfg = Release|Any CPU
		{604937D8-5E18-476A-96E0-A6376CE25075}.Release|Any CPU.Build.0 = Release|Any CPU
		{F96E5FCA-4B7F-4608-8E59-D4C6055D46E1}.Debug|Any CPU.ActiveCfg = Debug|Any CPU
		{F96E5FCA-4B7F-4608-8E59-D4C6055D46E1}.Debug|Any CPU.Build.0 = Debug|Any CPU
		{F96E5FCA-4B7F-4608-8E59-D4C6055D46E1}.Release|Any CPU.ActiveCfg = Release|Any CPU
		{F96E5FCA-4B7F-4608-8E59-D4C6055D46E1}.Release|Any CPU.Build.0 = Release|Any CPU
		{2EFEBA7E-77B3-41EF-A894-B8C350D81616}.Debug|Any CPU.ActiveCfg = Debug|Any CPU
		{2EFEBA7E-77B3-41EF-A894-B8C350D81616}.Debug|Any CPU.Build.0 = Debug|Any CPU
		{2EFEBA7E-77B3-41EF-A894-B8C350D81616}.Release|Any CPU.ActiveCfg = Release|Any CPU
		{2EFEBA7E-77B3-41EF-A894-B8C350D81616}.Release|Any CPU.Build.0 = Release|Any CPU
		{D293B72B-9B49-4BCE-9186-AB49758165C2}.Debug|Any CPU.ActiveCfg = Debug|Any CPU
		{D293B72B-9B49-4BCE-9186-AB49758165C2}.Debug|Any CPU.Build.0 = Debug|Any CPU
		{D293B72B-9B49-4BCE-9186-AB49758165C2}.Release|Any CPU.ActiveCfg = Release|Any CPU
		{D293B72B-9B49-4BCE-9186-AB49758165C2}.Release|Any CPU.Build.0 = Release|Any CPU
		{3C1F2FAB-2376-45B7-9B0C-C95EE7F2C57E}.Debug|Any CPU.ActiveCfg = Debug|Any CPU
		{3C1F2FAB-2376-45B7-9B0C-C95EE7F2C57E}.Debug|Any CPU.Build.0 = Debug|Any CPU
		{3C1F2FAB-2376-45B7-9B0C-C95EE7F2C57E}.Release|Any CPU.ActiveCfg = Release|Any CPU
		{3C1F2FAB-2376-45B7-9B0C-C95EE7F2C57E}.Release|Any CPU.Build.0 = Release|Any CPU
		{56B86192-D172-4C70-B00A-CB98FD70F8B8}.Debug|Any CPU.ActiveCfg = Debug|Any CPU
		{56B86192-D172-4C70-B00A-CB98FD70F8B8}.Debug|Any CPU.Build.0 = Debug|Any CPU
		{56B86192-D172-4C70-B00A-CB98FD70F8B8}.Release|Any CPU.ActiveCfg = Release|Any CPU
		{56B86192-D172-4C70-B00A-CB98FD70F8B8}.Release|Any CPU.Build.0 = Release|Any CPU
		{406D6CE2-34A5-4517-8C2D-E6F82741C009}.Debug|Any CPU.ActiveCfg = Debug|Any CPU
		{406D6CE2-34A5-4517-8C2D-E6F82741C009}.Debug|Any CPU.Build.0 = Debug|Any CPU
		{406D6CE2-34A5-4517-8C2D-E6F82741C009}.Release|Any CPU.ActiveCfg = Release|Any CPU
		{406D6CE2-34A5-4517-8C2D-E6F82741C009}.Release|Any CPU.Build.0 = Release|Any CPU
		{8EFC904D-73A0-4783-88A9-68D5FAFC8378}.Debug|Any CPU.ActiveCfg = Debug|Any CPU
		{8EFC904D-73A0-4783-88A9-68D5FAFC8378}.Debug|Any CPU.Build.0 = Debug|Any CPU
		{8EFC904D-73A0-4783-88A9-68D5FAFC8378}.Release|Any CPU.ActiveCfg = Release|Any CPU
		{8EFC904D-73A0-4783-88A9-68D5FAFC8378}.Release|Any CPU.Build.0 = Release|Any CPU
		{2DA693E9-08E0-46A7-8DC8-547DE692FC38}.Debug|Any CPU.ActiveCfg = Debug|Any CPU
		{2DA693E9-08E0-46A7-8DC8-547DE692FC38}.Debug|Any CPU.Build.0 = Debug|Any CPU
		{2DA693E9-08E0-46A7-8DC8-547DE692FC38}.Release|Any CPU.ActiveCfg = Release|Any CPU
		{2DA693E9-08E0-46A7-8DC8-547DE692FC38}.Release|Any CPU.Build.0 = Release|Any CPU
		{3B5BECC7-ED39-4D0A-8E0E-5509261F1B20}.Debug|Any CPU.ActiveCfg = Debug|Any CPU
		{3B5BECC7-ED39-4D0A-8E0E-5509261F1B20}.Debug|Any CPU.Build.0 = Debug|Any CPU
		{3B5BECC7-ED39-4D0A-8E0E-5509261F1B20}.Release|Any CPU.ActiveCfg = Release|Any CPU
		{3B5BECC7-ED39-4D0A-8E0E-5509261F1B20}.Release|Any CPU.Build.0 = Release|Any CPU
		{E53A3DE6-0501-404A-9FA7-1ACC9B12CD3F}.Debug|Any CPU.ActiveCfg = Debug|Any CPU
		{E53A3DE6-0501-404A-9FA7-1ACC9B12CD3F}.Debug|Any CPU.Build.0 = Debug|Any CPU
		{E53A3DE6-0501-404A-9FA7-1ACC9B12CD3F}.Release|Any CPU.ActiveCfg = Release|Any CPU
		{E53A3DE6-0501-404A-9FA7-1ACC9B12CD3F}.Release|Any CPU.Build.0 = Release|Any CPU
		{081FFF30-98ED-43B3-8953-A169157B36AD}.Debug|Any CPU.ActiveCfg = Debug|Any CPU
		{081FFF30-98ED-43B3-8953-A169157B36AD}.Debug|Any CPU.Build.0 = Debug|Any CPU
		{081FFF30-98ED-43B3-8953-A169157B36AD}.Release|Any CPU.ActiveCfg = Release|Any CPU
		{081FFF30-98ED-43B3-8953-A169157B36AD}.Release|Any CPU.Build.0 = Release|Any CPU
		{6864D0D4-2779-443F-A096-AB4BB16ECF6B}.Debug|Any CPU.ActiveCfg = Debug|Any CPU
		{6864D0D4-2779-443F-A096-AB4BB16ECF6B}.Debug|Any CPU.Build.0 = Debug|Any CPU
		{6864D0D4-2779-443F-A096-AB4BB16ECF6B}.Release|Any CPU.ActiveCfg = Release|Any CPU
		{6864D0D4-2779-443F-A096-AB4BB16ECF6B}.Release|Any CPU.Build.0 = Release|Any CPU
		{8643F87C-9C96-472D-82AF-07C8106EB171}.Debug|Any CPU.ActiveCfg = Debug|Any CPU
		{8643F87C-9C96-472D-82AF-07C8106EB171}.Debug|Any CPU.Build.0 = Debug|Any CPU
		{8643F87C-9C96-472D-82AF-07C8106EB171}.Release|Any CPU.ActiveCfg = Release|Any CPU
		{8643F87C-9C96-472D-82AF-07C8106EB171}.Release|Any CPU.Build.0 = Release|Any CPU
		{ACB70DE2-29C5-4917-B677-10DB0AE22E72}.Debug|Any CPU.ActiveCfg = Debug|Any CPU
		{ACB70DE2-29C5-4917-B677-10DB0AE22E72}.Debug|Any CPU.Build.0 = Debug|Any CPU
		{ACB70DE2-29C5-4917-B677-10DB0AE22E72}.Release|Any CPU.ActiveCfg = Release|Any CPU
		{ACB70DE2-29C5-4917-B677-10DB0AE22E72}.Release|Any CPU.Build.0 = Release|Any CPU
	EndGlobalSection
	GlobalSection(SolutionProperties) = preSolution
		HideSolutionNode = FALSE
	EndGlobalSection
	GlobalSection(NestedProjects) = preSolution
		{2D1D38F6-093C-4C9B-9ECA-96F2B9EC54DD} = {18904F2B-5B26-483C-BA68-286E295888F4}
		{6C514612-F3E4-46B9-90CC-41A4E7D404CB} = {18904F2B-5B26-483C-BA68-286E295888F4}
		{6EEB1BA5-AFA2-4F23-9CBA-B962C39AF6F7} = {18904F2B-5B26-483C-BA68-286E295888F4}
		{5B11FC9B-4D24-416E-94DB-7322829CBA87} = {8B8914AB-AF9C-431F-8B62-05AA4382109B}
		{7703E3B6-3E08-4EE1-A1E0-FB0496A31954} = {8B8914AB-AF9C-431F-8B62-05AA4382109B}
		{3BDA53C4-F706-409A-A423-9CA4FBAD29BF} = {8B8914AB-AF9C-431F-8B62-05AA4382109B}
		{E4A52F65-44DD-4765-BE20-D331F531DF50} = {1B7F00FF-2CCD-4501-8745-D825AB715808}
		{E0DA7B69-EF9A-432A-96F1-0E6DD8378A47} = {1B7F00FF-2CCD-4501-8745-D825AB715808}
		{599EBF9A-BBD2-4D4A-A872-8914D27EC0CF} = {1B7F00FF-2CCD-4501-8745-D825AB715808}
		{604937D8-5E18-476A-96E0-A6376CE25075} = {77B35069-7A73-414A-81D9-A215B8E79E52}
		{F96E5FCA-4B7F-4608-8E59-D4C6055D46E1} = {77B35069-7A73-414A-81D9-A215B8E79E52}
		{2EFEBA7E-77B3-41EF-A894-B8C350D81616} = {77B35069-7A73-414A-81D9-A215B8E79E52}
		{D293B72B-9B49-4BCE-9186-AB49758165C2} = {711120C9-1B6B-469D-8D03-491AAD4B8D84}
		{3C1F2FAB-2376-45B7-9B0C-C95EE7F2C57E} = {711120C9-1B6B-469D-8D03-491AAD4B8D84}
		{56B86192-D172-4C70-B00A-CB98FD70F8B8} = {711120C9-1B6B-469D-8D03-491AAD4B8D84}
		{406D6CE2-34A5-4517-8C2D-E6F82741C009} = {89788B92-71DA-488C-B9A4-D4ACA41DD3B6}
		{8EFC904D-73A0-4783-88A9-68D5FAFC8378} = {89788B92-71DA-488C-B9A4-D4ACA41DD3B6}
		{2DA693E9-08E0-46A7-8DC8-547DE692FC38} = {89788B92-71DA-488C-B9A4-D4ACA41DD3B6}
		{3B5BECC7-ED39-4D0A-8E0E-5509261F1B20} = {8E9858F8-CA16-4429-AE35-7CC4445B6611}
		{E53A3DE6-0501-404A-9FA7-1ACC9B12CD3F} = {8E9858F8-CA16-4429-AE35-7CC4445B6611}
		{081FFF30-98ED-43B3-8953-A169157B36AD} = {8E9858F8-CA16-4429-AE35-7CC4445B6611}
		{6864D0D4-2779-443F-A096-AB4BB16ECF6B} = {A52FF9F3-91C8-4D82-A370-B8A97134906C}
		{8643F87C-9C96-472D-82AF-07C8106EB171} = {A52FF9F3-91C8-4D82-A370-B8A97134906C}
		{ACB70DE2-29C5-4917-B677-10DB0AE22E72} = {A52FF9F3-91C8-4D82-A370-B8A97134906C}
	EndGlobalSection
	GlobalSection(ExtensibilityGlobals) = postSolution
		SolutionGuid = {FC9CDDC8-1770-4655-A6EC-F59489BE211E}
	EndGlobalSection
EndGlobal
